
Microsoft Visual Studio Solution File, Format Version 12.00
# Visual Studio Version 17
VisualStudioVersion = 17.11.35222.181
MinimumVisualStudioVersion = 10.0.40219.1
Project("{FAE04EC0-301F-11D3-BF4B-00C04F79EFBC}") = "layout", "layout\layout.csproj", "{77A18A99-9167-4CC9-A8BE-8A15E3D47652}"
EndProject
Global
	GlobalSection(SolutionConfigurationPlatforms) = preSolution
		Debug|Any CPU = Debug|Any CPU
		Release|Any CPU = Release|Any CPU
	EndGlobalSection
	GlobalSection(ProjectConfigurationPlatforms) = postSolution
		{77A18A99-9167-4CC9-A8BE-8A15E3D47652}.Debug|Any CPU.ActiveCfg = Debug|Any CPU
		{77A18A99-9167-4CC9-A8BE-8A15E3D47652}.Debug|Any CPU.Build.0 = Debug|Any CPU
		{77A18A99-9167-4CC9-A8BE-8A15E3D47652}.Release|Any CPU.ActiveCfg = Release|Any CPU
		{77A18A99-9167-4CC9-A8BE-8A15E3D47652}.Release|Any CPU.Build.0 = Release|Any CPU
	EndGlobalSection
	GlobalSection(SolutionProperties) = preSolution
		HideSolutionNode = FALSE
	EndGlobalSection
	GlobalSection(ExtensibilityGlobals) = postSolution
		SolutionGuid = {D60392ED-A631-4DB6-B8A9-D0A806D816A4}
	EndGlobalSection
EndGlobal
